
Microsoft Visual Studio Solution File, Format Version 12.00
# Visual Studio Version 17
VisualStudioVersion = 17.0.31903.59
MinimumVisualStudioVersion = 10.0.40219.1
Project("{2150E333-8FDC-42A3-9474-1A3956D46DE8}") = "src", "src", "{827E0CD3-B72D-47B6-A68D-7590B98EB39B}"
EndProject
Project("{FAE04EC0-301F-11D3-BF4B-00C04F79EFBC}") = "MahoSoft.Api", "src\MahoSoft.Api\MahoSoft.Api.csproj", "{89682FAA-8B97-4B67-B066-31E2925B38C4}"
EndProject
Project("{FAE04EC0-301F-11D3-BF4B-00C04F79EFBC}") = "MahoSoft.Entidades", "src\MahoSoft.Entidades\MahoSoft.Entidades.csproj", "{34C395B7-C85D-4F38-BFF1-4F03502F6DE7}"
EndProject
Project("{FAE04EC0-301F-11D3-BF4B-00C04F79EFBC}") = "MahoSoft.Datos", "src\MahoSoft.Datos\MahoSoft.Datos.csproj", "{2DE2F3D2-0AFB-4DE4-9E94-20EC7108B013}"
EndProject
Project("{FAE04EC0-301F-11D3-BF4B-00C04F79EFBC}") = "MahoSoft.Negocio", "src\MahoSoft.Negocio\MahoSoft.Negocio.csproj", "{472D0A57-E48D-4E83-B51A-60DFB90EDE0F}"
EndProject
Project("{2150E333-8FDC-42A3-9474-1A3956D46DE8}") = "tests", "tests", "{0AB3BF05-4346-4AA6-1389-037BE0695223}"
EndProject
Project("{FAE04EC0-301F-11D3-BF4B-00C04F79EFBC}") = "MahoSoft.Pruebas", "tests\MahoSoft.Pruebas\MahoSoft.Pruebas.csproj", "{D37E570C-2C83-4566-BAF5-F03273643D85}"
EndProject
Global
	GlobalSection(SolutionConfigurationPlatforms) = preSolution
		Debug|Any CPU = Debug|Any CPU
		Debug|x64 = Debug|x64
		Debug|x86 = Debug|x86
		Release|Any CPU = Release|Any CPU
		Release|x64 = Release|x64
		Release|x86 = Release|x86
	EndGlobalSection
	GlobalSection(ProjectConfigurationPlatforms) = postSolution
		{89682FAA-8B97-4B67-B066-31E2925B38C4}.Debug|Any CPU.ActiveCfg = Debug|Any CPU
		{89682FAA-8B97-4B67-B066-31E2925B38C4}.Debug|Any CPU.Build.0 = Debug|Any CPU
		{89682FAA-8B97-4B67-B066-31E2925B38C4}.Debug|x64.ActiveCfg = Debug|Any CPU
		{89682FAA-8B97-4B67-B066-31E2925B38C4}.Debug|x64.Build.0 = Debug|Any CPU
		{89682FAA-8B97-4B67-B066-31E2925B38C4}.Debug|x86.ActiveCfg = Debug|Any CPU
		{89682FAA-8B97-4B67-B066-31E2925B38C4}.Debug|x86.Build.0 = Debug|Any CPU
		{89682FAA-8B97-4B67-B066-31E2925B38C4}.Release|Any CPU.ActiveCfg = Release|Any CPU
		{89682FAA-8B97-4B67-B066-31E2925B38C4}.Release|Any CPU.Build.0 = Release|Any CPU
		{89682FAA-8B97-4B67-B066-31E2925B38C4}.Release|x64.ActiveCfg = Release|Any CPU
		{89682FAA-8B97-4B67-B066-31E2925B38C4}.Release|x64.Build.0 = Release|Any CPU
		{89682FAA-8B97-4B67-B066-31E2925B38C4}.Release|x86.ActiveCfg = Release|Any CPU
		{89682FAA-8B97-4B67-B066-31E2925B38C4}.Release|x86.Build.0 = Release|Any CPU
		{34C395B7-C85D-4F38-BFF1-4F03502F6DE7}.Debug|Any CPU.ActiveCfg = Debug|Any CPU
		{34C395B7-C85D-4F38-BFF1-4F03502F6DE7}.Debug|Any CPU.Build.0 = Debug|Any CPU
		{34C395B7-C85D-4F38-BFF1-4F03502F6DE7}.Debug|x64.ActiveCfg = Debug|Any CPU
		{34C395B7-C85D-4F38-BFF1-4F03502F6DE7}.Debug|x64.Build.0 = Debug|Any CPU
		{34C395B7-C85D-4F38-BFF1-4F03502F6DE7}.Debug|x86.ActiveCfg = Debug|Any CPU
		{34C395B7-C85D-4F38-BFF1-4F03502F6DE7}.Debug|x86.Build.0 = Debug|Any CPU
		{34C395B7-C85D-4F38-BFF1-4F03502F6DE7}.Release|Any CPU.ActiveCfg = Release|Any CPU
		{34C395B7-C85D-4F38-BFF1-4F03502F6DE7}.Release|Any CPU.Build.0 = Release|Any CPU
		{34C395B7-C85D-4F38-BFF1-4F03502F6DE7}.Release|x64.ActiveCfg = Release|Any CPU
		{34C395B7-C85D-4F38-BFF1-4F03502F6DE7}.Release|x64.Build.0 = Release|Any CPU
		{34C395B7-C85D-4F38-BFF1-4F03502F6DE7}.Release|x86.ActiveCfg = Release|Any CPU
		{34C395B7-C85D-4F38-BFF1-4F03502F6DE7}.Release|x86.Build.0 = Release|Any CPU
		{2DE2F3D2-0AFB-4DE4-9E94-20EC7108B013}.Debug|Any CPU.ActiveCfg = Debug|Any CPU
		{2DE2F3D2-0AFB-4DE4-9E94-20EC7108B013}.Debug|Any CPU.Build.0 = Debug|Any CPU
		{2DE2F3D2-0AFB-4DE4-9E94-20EC7108B013}.Debug|x64.ActiveCfg = Debug|Any CPU
		{2DE2F3D2-0AFB-4DE4-9E94-20EC7108B013}.Debug|x64.Build.0 = Debug|Any CPU
		{2DE2F3D2-0AFB-4DE4-9E94-20EC7108B013}.Debug|x86.ActiveCfg = Debug|Any CPU
		{2DE2F3D2-0AFB-4DE4-9E94-20EC7108B013}.Debug|x86.Build.0 = Debug|Any CPU
		{2DE2F3D2-0AFB-4DE4-9E94-20EC7108B013}.Release|Any CPU.ActiveCfg = Release|Any CPU
		{2DE2F3D2-0AFB-4DE4-9E94-20EC7108B013}.Release|Any CPU.Build.0 = Release|Any CPU
		{2DE2F3D2-0AFB-4DE4-9E94-20EC7108B013}.Release|x64.ActiveCfg = Release|Any CPU
		{2DE2F3D2-0AFB-4DE4-9E94-20EC7108B013}.Release|x64.Build.0 = Release|Any CPU
		{2DE2F3D2-0AFB-4DE4-9E94-20EC7108B013}.Release|x86.ActiveCfg = Release|Any CPU
		{2DE2F3D2-0AFB-4DE4-9E94-20EC7108B013}.Release|x86.Build.0 = Release|Any CPU
		{472D0A57-E48D-4E83-B51A-60DFB90EDE0F}.Debug|Any CPU.ActiveCfg = Debug|Any CPU
		{472D0A57-E48D-4E83-B51A-60DFB90EDE0F}.Debug|Any CPU.Build.0 = Debug|Any CPU
		{472D0A57-E48D-4E83-B51A-60DFB90EDE0F}.Debug|x64.ActiveCfg = Debug|Any CPU
		{472D0A57-E48D-4E83-B51A-60DFB90EDE0F}.Debug|x64.Build.0 = Debug|Any CPU
		{472D0A57-E48D-4E83-B51A-60DFB90EDE0F}.Debug|x86.ActiveCfg = Debug|Any CPU
		{472D0A57-E48D-4E83-B51A-60DFB90EDE0F}.Debug|x86.Build.0 = Debug|Any CPU
		{472D0A57-E48D-4E83-B51A-60DFB90EDE0F}.Release|Any CPU.ActiveCfg = Release|Any CPU
		{472D0A57-E48D-4E83-B51A-60DFB90EDE0F}.Release|Any CPU.Build.0 = Release|Any CPU
		{472D0A57-E48D-4E83-B51A-60DFB90EDE0F}.Release|x64.ActiveCfg = Release|Any CPU
		{472D0A57-E48D-4E83-B51A-60DFB90EDE0F}.Release|x64.Build.0 = Release|Any CPU
		{472D0A57-E48D-4E83-B51A-60DFB90EDE0F}.Release|x86.ActiveCfg = Release|Any CPU
		{472D0A57-E48D-4E83-B51A-60DFB90EDE0F}.Release|x86.Build.0 = Release|Any CPU
		{D37E570C-2C83-4566-BAF5-F03273643D85}.Debug|Any CPU.ActiveCfg = Debug|Any CPU
		{D37E570C-2C83-4566-BAF5-F03273643D85}.Debug|Any CPU.Build.0 = Debug|Any CPU
		{D37E570C-2C83-4566-BAF5-F03273643D85}.Debug|x64.ActiveCfg = Debug|Any CPU
		{D37E570C-2C83-4566-BAF5-F03273643D85}.Debug|x64.Build.0 = Debug|Any CPU
		{D37E570C-2C83-4566-BAF5-F03273643D85}.Debug|x86.ActiveCfg = Debug|Any CPU
		{D37E570C-2C83-4566-BAF5-F03273643D85}.Debug|x86.Build.0 = Debug|Any CPU
		{D37E570C-2C83-4566-BAF5-F03273643D85}.Release|Any CPU.ActiveCfg = Release|Any CPU
		{D37E570C-2C83-4566-BAF5-F03273643D85}.Release|Any CPU.Build.0 = Release|Any CPU
		{D37E570C-2C83-4566-BAF5-F03273643D85}.Release|x64.ActiveCfg = Release|Any CPU
		{D37E570C-2C83-4566-BAF5-F03273643D85}.Release|x64.Build.0 = Release|Any CPU
		{D37E570C-2C83-4566-BAF5-F03273643D85}.Release|x86.ActiveCfg = Release|Any CPU
		{D37E570C-2C83-4566-BAF5-F03273643D85}.Release|x86.Build.0 = Release|Any CPU
	EndGlobalSection
	GlobalSection(SolutionProperties) = preSolution
		HideSolutionNode = FALSE
	EndGlobalSection
	GlobalSection(NestedProjects) = preSolution
		{89682FAA-8B97-4B67-B066-31E2925B38C4} = {827E0CD3-B72D-47B6-A68D-7590B98EB39B}
		{34C395B7-C85D-4F38-BFF1-4F03502F6DE7} = {827E0CD3-B72D-47B6-A68D-7590B98EB39B}
		{2DE2F3D2-0AFB-4DE4-9E94-20EC7108B013} = {827E0CD3-B72D-47B6-A68D-7590B98EB39B}
		{472D0A57-E48D-4E83-B51A-60DFB90EDE0F} = {827E0CD3-B72D-47B6-A68D-7590B98EB39B}
		{D37E570C-2C83-4566-BAF5-F03273643D85} = {0AB3BF05-4346-4AA6-1389-037BE0695223}
	EndGlobalSection
EndGlobal
